
Microsoft Visual Studio Solution File, Format Version 12.00
# Visual Studio 14
VisualStudioVersion = 14.0.25420.1
MinimumVisualStudioVersion = 10.0.40219.1
Project("{FAE04EC0-301F-11D3-BF4B-00C04F79EFBC}") = "ColoringBook", "ColoringBook\ColoringBook.csproj", "{455C8D99-9BC7-46AB-AD44-E497CAB9DF3B}"
EndProject
Project("{2150E333-8FDC-42A3-9474-1A3956D46DE8}") = "Solution Items", "Solution Items", "{8735117F-9745-4A08-B70B-7295B14A01A4}"
	ProjectSection(SolutionItems) = preProject
		CONTRIBUTING.md = CONTRIBUTING.md
		LICENSE = LICENSE
		README.md = README.md
	EndProjectSection
EndProject
Global
	GlobalSection(SolutionConfigurationPlatforms) = preSolution
		Debug|ARM = Debug|ARM
		Debug|x64 = Debug|x64
		Debug|x86 = Debug|x86
		Release|ARM = Release|ARM
		Release|x64 = Release|x64
		Release|x86 = Release|x86
	EndGlobalSection
	GlobalSection(ProjectConfigurationPlatforms) = postSolution
		{455C8D99-9BC7-46AB-AD44-E497CAB9DF3B}.Debug|ARM.ActiveCfg = Debug|ARM
		{455C8D99-9BC7-46AB-AD44-E497CAB9DF3B}.Debug|ARM.Build.0 = Debug|ARM
		{455C8D99-9BC7-46AB-AD44-E497CAB9DF3B}.Debug|ARM.Deploy.0 = Debug|ARM
		{455C8D99-9BC7-46AB-AD44-E497CAB9DF3B}.Debug|x64.ActiveCfg = Debug|x64
		{455C8D99-9BC7-46AB-AD44-E497CAB9DF3B}.Debug|x64.Build.0 = Debug|x64
		{455C8D99-9BC7-46AB-AD44-E497CAB9DF3B}.Debug|x64.Deploy.0 = Debug|x64
		{455C8D99-9BC7-46AB-AD44-E497CAB9DF3B}.Debug|x86.ActiveCfg = Debug|x86
		{455C8D99-9BC7-46AB-AD44-E497CAB9DF3B}.Debug|x86.Build.0 = Debug|x86
		{455C8D99-9BC7-46AB-AD44-E497CAB9DF3B}.Debug|x86.Deploy.0 = Debug|x86
		{455C8D99-9BC7-46AB-AD44-E497CAB9DF3B}.Release|ARM.ActiveCfg = Release|ARM
		{455C8D99-9BC7-46AB-AD44-E497CAB9DF3B}.Release|ARM.Build.0 = Release|ARM
		{455C8D99-9BC7-46AB-AD44-E497CAB9DF3B}.Release|ARM.Deploy.0 = Release|ARM
		{455C8D99-9BC7-46AB-AD44-E497CAB9DF3B}.Release|x64.ActiveCfg = Release|x64
		{455C8D99-9BC7-46AB-AD44-E497CAB9DF3B}.Release|x64.Build.0 = Release|x64
		{455C8D99-9BC7-46AB-AD44-E497CAB9DF3B}.Release|x64.Deploy.0 = Release|x64
		{455C8D99-9BC7-46AB-AD44-E497CAB9DF3B}.Release|x86.ActiveCfg = Release|x86
		{455C8D99-9BC7-46AB-AD44-E497CAB9DF3B}.Release|x86.Build.0 = Release|x86
		{455C8D99-9BC7-46AB-AD44-E497CAB9DF3B}.Release|x86.Deploy.0 = Release|x86
	EndGlobalSection
	GlobalSection(SolutionProperties) = preSolution
		HideSolutionNode = FALSE
	EndGlobalSection
EndGlobal
