
Microsoft Visual Studio Solution File, Format Version 12.00
# Visual Studio 15
VisualStudioVersion = 15.0.26430.14
MinimumVisualStudioVersion = 10.0.40219.1
Project("{FAE04EC0-301F-11D3-BF4B-00C04F79EFBC}") = "ColoringBook", "ColoringBook\ColoringBook.csproj", "{C7C326F3-D103-4635-9D26-DAE9FD701FFC}"
EndProject
Project("{FAE04EC0-301F-11D3-BF4B-00C04F79EFBC}") = "ColoringBookPreprocessingGenerator", "ColoringBookPreprocessingGenerator\ColoringBookPreprocessingGenerator.csproj", "{59F22DD6-D265-46B9-B668-575A4ECA4164}"
EndProject
Project("{2150E333-8FDC-42A3-9474-1A3956D46DE8}") = "Solution Items", "Solution Items", "{BFDC41D8-BF22-4948-879B-22923ECE655E}"
	ProjectSection(SolutionItems) = preProject
		CONTRIBUTING.md = CONTRIBUTING.md
		IMAGE LICENSE = IMAGE LICENSE
		README.md = README.md
		SAMPLE APP LICENSE = SAMPLE APP LICENSE
	EndProjectSection
EndProject
Global
	GlobalSection(SolutionConfigurationPlatforms) = preSolution
		Debug|ARM = Debug|ARM
		Debug|x64 = Debug|x64
		Debug|x86 = Debug|x86
		Release|ARM = Release|ARM
		Release|x64 = Release|x64
		Release|x86 = Release|x86
	EndGlobalSection
	GlobalSection(ProjectConfigurationPlatforms) = postSolution
		{C7C326F3-D103-4635-9D26-DAE9FD701FFC}.Debug|ARM.ActiveCfg = Debug|ARM
		{C7C326F3-D103-4635-9D26-DAE9FD701FFC}.Debug|ARM.Build.0 = Debug|ARM
		{C7C326F3-D103-4635-9D26-DAE9FD701FFC}.Debug|ARM.Deploy.0 = Debug|ARM
		{C7C326F3-D103-4635-9D26-DAE9FD701FFC}.Debug|x64.ActiveCfg = Debug|x64
		{C7C326F3-D103-4635-9D26-DAE9FD701FFC}.Debug|x64.Build.0 = Debug|x64
		{C7C326F3-D103-4635-9D26-DAE9FD701FFC}.Debug|x64.Deploy.0 = Debug|x64
		{C7C326F3-D103-4635-9D26-DAE9FD701FFC}.Debug|x86.ActiveCfg = Debug|x86
		{C7C326F3-D103-4635-9D26-DAE9FD701FFC}.Debug|x86.Build.0 = Debug|x86
		{C7C326F3-D103-4635-9D26-DAE9FD701FFC}.Debug|x86.Deploy.0 = Debug|x86
		{C7C326F3-D103-4635-9D26-DAE9FD701FFC}.Release|ARM.ActiveCfg = Release|ARM
		{C7C326F3-D103-4635-9D26-DAE9FD701FFC}.Release|ARM.Build.0 = Release|ARM
		{C7C326F3-D103-4635-9D26-DAE9FD701FFC}.Release|ARM.Deploy.0 = Release|ARM
		{C7C326F3-D103-4635-9D26-DAE9FD701FFC}.Release|x64.ActiveCfg = Release|x64
		{C7C326F3-D103-4635-9D26-DAE9FD701FFC}.Release|x64.Build.0 = Release|x64
		{C7C326F3-D103-4635-9D26-DAE9FD701FFC}.Release|x64.Deploy.0 = Release|x64
		{C7C326F3-D103-4635-9D26-DAE9FD701FFC}.Release|x86.ActiveCfg = Release|x86
		{C7C326F3-D103-4635-9D26-DAE9FD701FFC}.Release|x86.Build.0 = Release|x86
		{C7C326F3-D103-4635-9D26-DAE9FD701FFC}.Release|x86.Deploy.0 = Release|x86
		{59F22DD6-D265-46B9-B668-575A4ECA4164}.Debug|ARM.ActiveCfg = Debug|ARM
		{59F22DD6-D265-46B9-B668-575A4ECA4164}.Debug|ARM.Build.0 = Debug|ARM
		{59F22DD6-D265-46B9-B668-575A4ECA4164}.Debug|ARM.Deploy.0 = Debug|ARM
		{59F22DD6-D265-46B9-B668-575A4ECA4164}.Debug|x64.ActiveCfg = Debug|x64
		{59F22DD6-D265-46B9-B668-575A4ECA4164}.Debug|x64.Build.0 = Debug|x64
		{59F22DD6-D265-46B9-B668-575A4ECA4164}.Debug|x64.Deploy.0 = Debug|x64
		{59F22DD6-D265-46B9-B668-575A4ECA4164}.Debug|x86.ActiveCfg = Debug|x86
		{59F22DD6-D265-46B9-B668-575A4ECA4164}.Debug|x86.Build.0 = Debug|x86
		{59F22DD6-D265-46B9-B668-575A4ECA4164}.Debug|x86.Deploy.0 = Debug|x86
		{59F22DD6-D265-46B9-B668-575A4ECA4164}.Release|ARM.ActiveCfg = Release|ARM
		{59F22DD6-D265-46B9-B668-575A4ECA4164}.Release|ARM.Build.0 = Release|ARM
		{59F22DD6-D265-46B9-B668-575A4ECA4164}.Release|ARM.Deploy.0 = Release|ARM
		{59F22DD6-D265-46B9-B668-575A4ECA4164}.Release|x64.ActiveCfg = Release|x64
		{59F22DD6-D265-46B9-B668-575A4ECA4164}.Release|x64.Build.0 = Release|x64
		{59F22DD6-D265-46B9-B668-575A4ECA4164}.Release|x64.Deploy.0 = Release|x64
		{59F22DD6-D265-46B9-B668-575A4ECA4164}.Release|x86.ActiveCfg = Release|x86
		{59F22DD6-D265-46B9-B668-575A4ECA4164}.Release|x86.Build.0 = Release|x86
		{59F22DD6-D265-46B9-B668-575A4ECA4164}.Release|x86.Deploy.0 = Release|x86
	EndGlobalSection
	GlobalSection(SolutionProperties) = preSolution
		HideSolutionNode = FALSE
	EndGlobalSection
EndGlobal
